
Microsoft Visual Studio Solution File, Format Version 12.00
# Visual Studio Version 17
VisualStudioVersion = 17.3.32929.385
MinimumVisualStudioVersion = 10.0.40219.1
Project("{FAE04EC0-301F-11D3-BF4B-00C04F79EFBC}") = "LineComparison", "LineComparison\LineComparison.csproj", "{220512DD-A760-451E-A9F8-CB69D5A49708}"
EndProject
Global
	GlobalSection(SolutionConfigurationPlatforms) = preSolution
		Debug|Any CPU = Debug|Any CPU
		Release|Any CPU = Release|Any CPU
	EndGlobalSection
	GlobalSection(ProjectConfigurationPlatforms) = postSolution
		{220512DD-A760-451E-A9F8-CB69D5A49708}.Debug|Any CPU.ActiveCfg = Debug|Any CPU
		{220512DD-A760-451E-A9F8-CB69D5A49708}.Debug|Any CPU.Build.0 = Debug|Any CPU
		{220512DD-A760-451E-A9F8-CB69D5A49708}.Release|Any CPU.ActiveCfg = Release|Any CPU
		{220512DD-A760-451E-A9F8-CB69D5A49708}.Release|Any CPU.Build.0 = Release|Any CPU
	EndGlobalSection
	GlobalSection(SolutionProperties) = preSolution
		HideSolutionNode = FALSE
	EndGlobalSection
	GlobalSection(ExtensibilityGlobals) = postSolution
		SolutionGuid = {D9960310-FFC6-41CE-A75C-BB0760C009CE}
	EndGlobalSection
EndGlobal
